
Microsoft Visual Studio Solution File, Format Version 12.00
# Visual Studio Version 17
VisualStudioVersion = 17.0.31903.59
MinimumVisualStudioVersion = 10.0.40219.1
Project("{FAE04EC0-301F-11D3-BF4B-00C04F79EFBC}") = "Maliev.MaterialService.Api", "Maliev.MaterialService.Api\Maliev.MaterialService.Api.csproj", "{D77CE881-64F5-495C-BD97-8BA1B13DEFD8}"
EndProject
Project("{FAE04EC0-301F-11D3-BF4B-00C04F79EFBC}") = "Maliev.MaterialService.Data", "Maliev.MaterialService.Data\Maliev.MaterialService.Data.csproj", "{109AB5A1-3818-4FDB-956E-2BD34AFF4993}"
EndProject
Project("{FAE04EC0-301F-11D3-BF4B-00C04F79EFBC}") = "Maliev.MaterialService.Tests", "Maliev.MaterialService.Tests\Maliev.MaterialService.Tests.csproj", "{348E3668-116C-4FAD-9881-30BAB108E707}"
EndProject
Global
	GlobalSection(SolutionConfigurationPlatforms) = preSolution
		Debug|Any CPU = Debug|Any CPU
		Debug|x64 = Debug|x64
		Debug|x86 = Debug|x86
		Release|Any CPU = Release|Any CPU
		Release|x64 = Release|x64
		Release|x86 = Release|x86
	EndGlobalSection
	GlobalSection(ProjectConfigurationPlatforms) = postSolution
		{D77CE881-64F5-495C-BD97-8BA1B13DEFD8}.Debug|Any CPU.ActiveCfg = Debug|Any CPU
		{D77CE881-64F5-495C-BD97-8BA1B13DEFD8}.Debug|Any CPU.Build.0 = Debug|Any CPU
		{D77CE881-64F5-495C-BD97-8BA1B13DEFD8}.Debug|x64.ActiveCfg = Debug|Any CPU
		{D77CE881-64F5-495C-BD97-8BA1B13DEFD8}.Debug|x64.Build.0 = Debug|Any CPU
		{D77CE881-64F5-495C-BD97-8BA1B13DEFD8}.Debug|x86.ActiveCfg = Debug|Any CPU
		{D77CE881-64F5-495C-BD97-8BA1B13DEFD8}.Debug|x86.Build.0 = Debug|Any CPU
		{D77CE881-64F5-495C-BD97-8BA1B13DEFD8}.Release|Any CPU.ActiveCfg = Release|Any CPU
		{D77CE881-64F5-495C-BD97-8BA1B13DEFD8}.Release|Any CPU.Build.0 = Release|Any CPU
		{D77CE881-64F5-495C-BD97-8BA1B13DEFD8}.Release|x64.ActiveCfg = Release|Any CPU
		{D77CE881-64F5-495C-BD97-8BA1B13DEFD8}.Release|x64.Build.0 = Release|Any CPU
		{D77CE881-64F5-495C-BD97-8BA1B13DEFD8}.Release|x86.ActiveCfg = Release|Any CPU
		{D77CE881-64F5-495C-BD97-8BA1B13DEFD8}.Release|x86.Build.0 = Release|Any CPU
		{109AB5A1-3818-4FDB-956E-2BD34AFF4993}.Debug|Any CPU.ActiveCfg = Debug|Any CPU
		{109AB5A1-3818-4FDB-956E-2BD34AFF4993}.Debug|Any CPU.Build.0 = Debug|Any CPU
		{109AB5A1-3818-4FDB-956E-2BD34AFF4993}.Debug|x64.ActiveCfg = Debug|Any CPU
		{109AB5A1-3818-4FDB-956E-2BD34AFF4993}.Debug|x64.Build.0 = Debug|Any CPU
		{109AB5A1-3818-4FDB-956E-2BD34AFF4993}.Debug|x86.ActiveCfg = Debug|Any CPU
		{109AB5A1-3818-4FDB-956E-2BD34AFF4993}.Debug|x86.Build.0 = Debug|Any CPU
		{109AB5A1-3818-4FDB-956E-2BD34AFF4993}.Release|Any CPU.ActiveCfg = Release|Any CPU
		{109AB5A1-3818-4FDB-956E-2BD34AFF4993}.Release|Any CPU.Build.0 = Release|Any CPU
		{109AB5A1-3818-4FDB-956E-2BD34AFF4993}.Release|x64.ActiveCfg = Release|Any CPU
		{109AB5A1-3818-4FDB-956E-2BD34AFF4993}.Release|x64.Build.0 = Release|Any CPU
		{109AB5A1-3818-4FDB-956E-2BD34AFF4993}.Release|x86.ActiveCfg = Release|Any CPU
		{109AB5A1-3818-4FDB-956E-2BD34AFF4993}.Release|x86.Build.0 = Release|Any CPU
		{348E3668-116C-4FAD-9881-30BAB108E707}.Debug|Any CPU.ActiveCfg = Debug|Any CPU
		{348E3668-116C-4FAD-9881-30BAB108E707}.Debug|Any CPU.Build.0 = Debug|Any CPU
		{348E3668-116C-4FAD-9881-30BAB108E707}.Debug|x64.ActiveCfg = Debug|Any CPU
		{348E3668-116C-4FAD-9881-30BAB108E707}.Debug|x64.Build.0 = Debug|Any CPU
		{348E3668-116C-4FAD-9881-30BAB108E707}.Debug|x86.ActiveCfg = Debug|Any CPU
		{348E3668-116C-4FAD-9881-30BAB108E707}.Debug|x86.Build.0 = Debug|Any CPU
		{348E3668-116C-4FAD-9881-30BAB108E707}.Release|Any CPU.ActiveCfg = Release|Any CPU
		{348E3668-116C-4FAD-9881-30BAB108E707}.Release|Any CPU.Build.0 = Release|Any CPU
		{348E3668-116C-4FAD-9881-30BAB108E707}.Release|x64.ActiveCfg = Release|Any CPU
		{348E3668-116C-4FAD-9881-30BAB108E707}.Release|x64.Build.0 = Release|Any CPU
		{348E3668-116C-4FAD-9881-30BAB108E707}.Release|x86.ActiveCfg = Release|Any CPU
		{348E3668-116C-4FAD-9881-30BAB108E707}.Release|x86.Build.0 = Release|Any CPU
	EndGlobalSection
	GlobalSection(SolutionProperties) = preSolution
		HideSolutionNode = FALSE
	EndGlobalSection
EndGlobal
